// !$*UTF8*$!
{
	archiveVersion = 1;
	classes = {
	};
	objectVersion = 56;
	objects = {

/* Begin PBXBuildFile section */
		7B5200EE2A3F22DA002CD4B2 /* LandmarkList.swift in Sources */ = {isa = PBXBuildFile; fileRef = 7B5200ED2A3F22DA002CD4B2 /* LandmarkList.swift */; };
		7B5200F02A3F2823002CD4B2 /* SceneDelegate.swift in Sources */ = {isa = PBXBuildFile; fileRef = 7B5200EF2A3F2823002CD4B2 /* SceneDelegate.swift */; };
		7B5200F22A3F2B5F002CD4B2 /* UserData.swift in Sources */ = {isa = PBXBuildFile; fileRef = 7B5200F12A3F2B5F002CD4B2 /* UserData.swift */; };
		7B8486892A38A8BA009DD2DF /* CircleImage.swift in Sources */ = {isa = PBXBuildFile; fileRef = 7B8486882A38A8BA009DD2DF /* CircleImage.swift */; };
		7B84868B2A38A9BA009DD2DF /* MapView.swift in Sources */ = {isa = PBXBuildFile; fileRef = 7B84868A2A38A9BA009DD2DF /* MapView.swift */; };
		7B85B4342A3B48380064D814 /* Landmark.swift in Sources */ = {isa = PBXBuildFile; fileRef = 7B85B4332A3B48380064D814 /* Landmark.swift */; };
		7B85B4362A3B4ACB0064D814 /* Data.swift in Sources */ = {isa = PBXBuildFile; fileRef = 7B85B4352A3B4ACB0064D814 /* Data.swift */; };
		7B85B4382A3B50480064D814 /* LandmarkRow.swift in Sources */ = {isa = PBXBuildFile; fileRef = 7B85B4372A3B50480064D814 /* LandmarkRow.swift */; };
		7B85B4492A3B53670064D814 /* charleyrivers.jpg in Resources */ = {isa = PBXBuildFile; fileRef = 7B85B43B2A3B53670064D814 /* charleyrivers.jpg */; };
		7B85B44A2A3B53670064D814 /* turtlerock.jpg in Resources */ = {isa = PBXBuildFile; fileRef = 7B85B43C2A3B53670064D814 /* turtlerock.jpg */; };
		7B85B44B2A3B53670064D814 /* silversalmoncreek.jpg in Resources */ = {isa = PBXBuildFile; fileRef = 7B85B43D2A3B53670064D814 /* silversalmoncreek.jpg */; };
		7B85B44C2A3B53670064D814 /* hikeData.json in Resources */ = {isa = PBXBuildFile; fileRef = 7B85B43E2A3B53670064D814 /* hikeData.json */; };
		7B85B44D2A3B53670064D814 /* icybay.jpg in Resources */ = {isa = PBXBuildFile; fileRef = 7B85B43F2A3B53670064D814 /* icybay.jpg */; };
		7B85B44E2A3B53670064D814 /* lakemcdonald.jpg in Resources */ = {isa = PBXBuildFile; fileRef = 7B85B4402A3B53670064D814 /* lakemcdonald.jpg */; };
		7B85B44F2A3B53670064D814 /* hiddenlake.jpg in Resources */ = {isa = PBXBuildFile; fileRef = 7B85B4412A3B53670064D814 /* hiddenlake.jpg */; };
		7B85B4502A3B53670064D814 /* twinlake.jpg in Resources */ = {isa = PBXBuildFile; fileRef = 7B85B4422A3B53670064D814 /* twinlake.jpg */; };
		7B85B4512A3B53670064D814 /* umbagog.jpg in Resources */ = {isa = PBXBuildFile; fileRef = 7B85B4432A3B53670064D814 /* umbagog.jpg */; };
		7B85B4522A3B53670064D814 /* landmarkData.json in Resources */ = {isa = PBXBuildFile; fileRef = 7B85B4442A3B53670064D814 /* landmarkData.json */; };
		7B85B4532A3B53670064D814 /* chincoteague.jpg in Resources */ = {isa = PBXBuildFile; fileRef = 7B85B4452A3B53670064D814 /* chincoteague.jpg */; };
		7B85B4542A3B53670064D814 /* stmarylake.jpg in Resources */ = {isa = PBXBuildFile; fileRef = 7B85B4462A3B53670064D814 /* stmarylake.jpg */; };
		7B85B4552A3B53670064D814 /* chilkoottrail.jpg in Resources */ = {isa = PBXBuildFile; fileRef = 7B85B4472A3B53670064D814 /* chilkoottrail.jpg */; };
		7B85B4562A3B53670064D814 /* rainbowlake.jpg in Resources */ = {isa = PBXBuildFile; fileRef = 7B85B4482A3B53670064D814 /* rainbowlake.jpg */; };
		7BFAEB612A37598200256AB1 /* LandmarkApp.swift in Sources */ = {isa = PBXBuildFile; fileRef = 7BFAEB602A37598200256AB1 /* LandmarkApp.swift */; };
		7BFAEB632A37598200256AB1 /* LandmarkDetail.swift in Sources */ = {isa = PBXBuildFile; fileRef = 7BFAEB622A37598200256AB1 /* LandmarkDetail.swift */; };
		7BFAEB652A37598500256AB1 /* Assets.xcassets in Resources */ = {isa = PBXBuildFile; fileRef = 7BFAEB642A37598500256AB1 /* Assets.xcassets */; };
		7BFAEB682A37598500256AB1 /* Preview Assets.xcassets in Resources */ = {isa = PBXBuildFile; fileRef = 7BFAEB672A37598500256AB1 /* Preview Assets.xcassets */; };
/* End PBXBuildFile section */

/* Begin PBXFileReference section */
		7B5200ED2A3F22DA002CD4B2 /* LandmarkList.swift */ = {isa = PBXFileReference; lastKnownFileType = sourcecode.swift; path = LandmarkList.swift; sourceTree = "<group>"; };
		7B5200EF2A3F2823002CD4B2 /* SceneDelegate.swift */ = {isa = PBXFileReference; lastKnownFileType = sourcecode.swift; path = SceneDelegate.swift; sourceTree = "<group>"; };
		7B5200F12A3F2B5F002CD4B2 /* UserData.swift */ = {isa = PBXFileReference; lastKnownFileType = sourcecode.swift; path = UserData.swift; sourceTree = "<group>"; };
		7B8486882A38A8BA009DD2DF /* CircleImage.swift */ = {isa = PBXFileReference; lastKnownFileType = sourcecode.swift; path = CircleImage.swift; sourceTree = "<group>"; };
		7B84868A2A38A9BA009DD2DF /* MapView.swift */ = {isa = PBXFileReference; lastKnownFileType = sourcecode.swift; path = MapView.swift; sourceTree = "<group>"; };
		7B85B4332A3B48380064D814 /* Landmark.swift */ = {isa = PBXFileReference; lastKnownFileType = sourcecode.swift; path = Landmark.swift; sourceTree = "<group>"; };
		7B85B4352A3B4ACB0064D814 /* Data.swift */ = {isa = PBXFileReference; lastKnownFileType = sourcecode.swift; path = Data.swift; sourceTree = "<group>"; };
		7B85B4372A3B50480064D814 /* LandmarkRow.swift */ = {isa = PBXFileReference; lastKnownFileType = sourcecode.swift; path = LandmarkRow.swift; sourceTree = "<group>"; };
		7B85B43B2A3B53670064D814 /* charleyrivers.jpg */ = {isa = PBXFileReference; lastKnownFileType = image.jpeg; path = charleyrivers.jpg; sourceTree = "<group>"; };
		7B85B43C2A3B53670064D814 /* turtlerock.jpg */ = {isa = PBXFileReference; lastKnownFileType = image.jpeg; path = turtlerock.jpg; sourceTree = "<group>"; };
		7B85B43D2A3B53670064D814 /* silversalmoncreek.jpg */ = {isa = PBXFileReference; lastKnownFileType = image.jpeg; path = silversalmoncreek.jpg; sourceTree = "<group>"; };
		7B85B43E2A3B53670064D814 /* hikeData.json */ = {isa = PBXFileReference; fileEncoding = 4; lastKnownFileType = text.json; path = hikeData.json; sourceTree = "<group>"; };
		7B85B43F2A3B53670064D814 /* icybay.jpg */ = {isa = PBXFileReference; lastKnownFileType = image.jpeg; path = icybay.jpg; sourceTree = "<group>"; };
		7B85B4402A3B53670064D814 /* lakemcdonald.jpg */ = {isa = PBXFileReference; lastKnownFileType = image.jpeg; path = lakemcdonald.jpg; sourceTree = "<group>"; };
		7B85B4412A3B53670064D814 /* hiddenlake.jpg */ = {isa = PBXFileReference; lastKnownFileType = image.jpeg; path = hiddenlake.jpg; sourceTree = "<group>"; };
		7B85B4422A3B53670064D814 /* twinlake.jpg */ = {isa = PBXFileReference; lastKnownFileType = image.jpeg; path = twinlake.jpg; sourceTree = "<group>"; };
		7B85B4432A3B53670064D814 /* umbagog.jpg */ = {isa = PBXFileReference; lastKnownFileType = image.jpeg; path = umbagog.jpg; sourceTree = "<group>"; };
		7B85B4442A3B53670064D814 /* landmarkData.json */ = {isa = PBXFileReference; fileEncoding = 4; lastKnownFileType = text.json; path = landmarkData.json; sourceTree = "<group>"; };
		7B85B4452A3B53670064D814 /* chincoteague.jpg */ = {isa = PBXFileReference; lastKnownFileType = image.jpeg; path = chincoteague.jpg; sourceTree = "<group>"; };
		7B85B4462A3B53670064D814 /* stmarylake.jpg */ = {isa = PBXFileReference; lastKnownFileType = image.jpeg; path = stmarylake.jpg; sourceTree = "<group>"; };
		7B85B4472A3B53670064D814 /* chilkoottrail.jpg */ = {isa = PBXFileReference; lastKnownFileType = image.jpeg; path = chilkoottrail.jpg; sourceTree = "<group>"; };
		7B85B4482A3B53670064D814 /* rainbowlake.jpg */ = {isa = PBXFileReference; lastKnownFileType = image.jpeg; path = rainbowlake.jpg; sourceTree = "<group>"; };
		7BFAEB5D2A37598200256AB1 /* Landmark.app */ = {isa = PBXFileReference; explicitFileType = wrapper.application; includeInIndex = 0; path = Landmark.app; sourceTree = BUILT_PRODUCTS_DIR; };
		7BFAEB602A37598200256AB1 /* LandmarkApp.swift */ = {isa = PBXFileReference; lastKnownFileType = sourcecode.swift; path = LandmarkApp.swift; sourceTree = "<group>"; };
		7BFAEB622A37598200256AB1 /* LandmarkDetail.swift */ = {isa = PBXFileReference; lastKnownFileType = sourcecode.swift; path = LandmarkDetail.swift; sourceTree = "<group>"; };
		7BFAEB642A37598500256AB1 /* Assets.xcassets */ = {isa = PBXFileReference; lastKnownFileType = folder.assetcatalog; path = Assets.xcassets; sourceTree = "<group>"; };
		7BFAEB672A37598500256AB1 /* Preview Assets.xcassets */ = {isa = PBXFileReference; lastKnownFileType = folder.assetcatalog; path = "Preview Assets.xcassets"; sourceTree = "<group>"; };
/* End PBXFileReference section */

/* Begin PBXFrameworksBuildPhase section */
		7BFAEB5A2A37598200256AB1 /* Frameworks */ = {
			isa = PBXFrameworksBuildPhase;
			buildActionMask = 2147483647;
			files = (
			);
			runOnlyForDeploymentPostprocessing = 0;
		};
/* End PBXFrameworksBuildPhase section */

/* Begin PBXGroup section */
		7B85B4322A3B47FF0064D814 /* Models */ = {
			isa = PBXGroup;
			children = (
				7B85B4332A3B48380064D814 /* Landmark.swift */,
				7B85B4352A3B4ACB0064D814 /* Data.swift */,
				7B5200F12A3F2B5F002CD4B2 /* UserData.swift */,
			);
			path = Models;
			sourceTree = "<group>";
		};
		7B85B4392A3B53400064D814 /* Resources */ = {
			isa = PBXGroup;
			children = (
				7B85B43A2A3B53670064D814 /* Resources */,
			);
			path = Resources;
			sourceTree = "<group>";
		};
		7B85B43A2A3B53670064D814 /* Resources */ = {
			isa = PBXGroup;
			children = (
				7B85B43C2A3B53670064D814 /* turtlerock.jpg */,
				7B85B43B2A3B53670064D814 /* charleyrivers.jpg */,
				7B85B43D2A3B53670064D814 /* silversalmoncreek.jpg */,
				7B85B43E2A3B53670064D814 /* hikeData.json */,
				7B85B43F2A3B53670064D814 /* icybay.jpg */,
				7B85B4402A3B53670064D814 /* lakemcdonald.jpg */,
				7B85B4412A3B53670064D814 /* hiddenlake.jpg */,
				7B85B4422A3B53670064D814 /* twinlake.jpg */,
				7B85B4432A3B53670064D814 /* umbagog.jpg */,
				7B85B4442A3B53670064D814 /* landmarkData.json */,
				7B85B4452A3B53670064D814 /* chincoteague.jpg */,
				7B85B4462A3B53670064D814 /* stmarylake.jpg */,
				7B85B4472A3B53670064D814 /* chilkoottrail.jpg */,
				7B85B4482A3B53670064D814 /* rainbowlake.jpg */,
			);
			path = Resources;
			sourceTree = "<group>";
		};
		7BFAEB542A37598200256AB1 = {
			isa = PBXGroup;
			children = (
				7BFAEB5F2A37598200256AB1 /* Landmark */,
				7BFAEB5E2A37598200256AB1 /* Products */,
			);
			sourceTree = "<group>";
		};
		7BFAEB5E2A37598200256AB1 /* Products */ = {
			isa = PBXGroup;
			children = (
				7BFAEB5D2A37598200256AB1 /* Landmark.app */,
			);
			name = Products;
			sourceTree = "<group>";
		};
		7BFAEB5F2A37598200256AB1 /* Landmark */ = {
			isa = PBXGroup;
			children = (
				7B85B4392A3B53400064D814 /* Resources */,
				7B85B4322A3B47FF0064D814 /* Models */,
				7B84868A2A38A9BA009DD2DF /* MapView.swift */,
				7B8486882A38A8BA009DD2DF /* CircleImage.swift */,
				7BFAEB602A37598200256AB1 /* LandmarkApp.swift */,
				7BFAEB622A37598200256AB1 /* LandmarkDetail.swift */,
				7BFAEB642A37598500256AB1 /* Assets.xcassets */,
				7B85B4372A3B50480064D814 /* LandmarkRow.swift */,
				7B5200ED2A3F22DA002CD4B2 /* LandmarkList.swift */,
				7B5200EF2A3F2823002CD4B2 /* SceneDelegate.swift */,
				7BFAEB662A37598500256AB1 /* Preview Content */,
			);
			path = Landmark;
			sourceTree = "<group>";
		};
		7BFAEB662A37598500256AB1 /* Preview Content */ = {
			isa = PBXGroup;
			children = (
				7BFAEB672A37598500256AB1 /* Preview Assets.xcassets */,
			);
			path = "Preview Content";
			sourceTree = "<group>";
		};
/* End PBXGroup section */

/* Begin PBXNativeTarget section */
		7BFAEB5C2A37598200256AB1 /* Landmark */ = {
			isa = PBXNativeTarget;
			buildConfigurationList = 7BFAEB6B2A37598500256AB1 /* Build configuration list for PBXNativeTarget "Landmark" */;
			buildPhases = (
				7BFAEB592A37598200256AB1 /* Sources */,
				7BFAEB5A2A37598200256AB1 /* Frameworks */,
				7BFAEB5B2A37598200256AB1 /* Resources */,
			);
			buildRules = (
			);
			dependencies = (
			);
			name = Landmark;
			productName = Landmark;
			productReference = 7BFAEB5D2A37598200256AB1 /* Landmark.app */;
			productType = "com.apple.product-type.application";
		};
/* End PBXNativeTarget section */

/* Begin PBXProject section */
		7BFAEB552A37598200256AB1 /* Project object */ = {
			isa = PBXProject;
			attributes = {
				BuildIndependentTargetsInParallel = 1;
				LastSwiftUpdateCheck = 1430;
				LastUpgradeCheck = 1430;
				TargetAttributes = {
					7BFAEB5C2A37598200256AB1 = {
						CreatedOnToolsVersion = 14.3;
					};
				};
			};
			buildConfigurationList = 7BFAEB582A37598200256AB1 /* Build configuration list for PBXProject "Landmark" */;
			compatibilityVersion = "Xcode 14.0";
			developmentRegion = en;
			hasScannedForEncodings = 0;
			knownRegions = (
				en,
				Base,
			);
			mainGroup = 7BFAEB542A37598200256AB1;
			productRefGroup = 7BFAEB5E2A37598200256AB1 /* Products */;
			projectDirPath = "";
			projectRoot = "";
			targets = (
				7BFAEB5C2A37598200256AB1 /* Landmark */,
			);
		};
/* End PBXProject section */

/* Begin PBXResourcesBuildPhase section */
		7BFAEB5B2A37598200256AB1 /* Resources */ = {
			isa = PBXResourcesBuildPhase;
			buildActionMask = 2147483647;
			files = (
				7B85B44B2A3B53670064D814 /* silversalmoncreek.jpg in Resources */,
				7B85B44A2A3B53670064D814 /* turtlerock.jpg in Resources */,
				7B85B4492A3B53670064D814 /* charleyrivers.jpg in Resources */,
				7BFAEB682A37598500256AB1 /* Preview Assets.xcassets in Resources */,
				7B85B44C2A3B53670064D814 /* hikeData.json in Resources */,
				7B85B4532A3B53670064D814 /* chincoteague.jpg in Resources */,
				7B85B4542A3B53670064D814 /* stmarylake.jpg in Resources */,
				7B85B4522A3B53670064D814 /* landmarkData.json in Resources */,
				7B85B44D2A3B53670064D814 /* icybay.jpg in Resources */,
				7B85B4502A3B53670064D814 /* twinlake.jpg in Resources */,
				7B85B44E2A3B53670064D814 /* lakemcdonald.jpg in Resources */,
				7B85B44F2A3B53670064D814 /* hiddenlake.jpg in Resources */,
				7B85B4512A3B53670064D814 /* umbagog.jpg in Resources */,
				7B85B4562A3B53670064D814 /* rainbowlake.jpg in Resources */,
				7B85B4552A3B53670064D814 /* chilkoottrail.jpg in Resources */,
				7BFAEB652A37598500256AB1 /* Assets.xcassets in Resources */,
			);
			runOnlyForDeploymentPostprocessing = 0;
		};
/* End PBXResourcesBuildPhase section */

/* Begin PBXSourcesBuildPhase section */
		7BFAEB592A37598200256AB1 /* Sources */ = {
			isa = PBXSourcesBuildPhase;
			buildActionMask = 2147483647;
			files = (
				7BFAEB632A37598200256AB1 /* LandmarkDetail.swift in Sources */,
				7B85B4362A3B4ACB0064D814 /* Data.swift in Sources */,
				7B5200F02A3F2823002CD4B2 /* SceneDelegate.swift in Sources */,
				7B84868B2A38A9BA009DD2DF /* MapView.swift in Sources */,
				7B5200F22A3F2B5F002CD4B2 /* UserData.swift in Sources */,
				7B5200EE2A3F22DA002CD4B2 /* LandmarkList.swift in Sources */,
				7BFAEB612A37598200256AB1 /* LandmarkApp.swift in Sources */,
				7B8486892A38A8BA009DD2DF /* CircleImage.swift in Sources */,
				7B85B4382A3B50480064D814 /* LandmarkRow.swift in Sources */,
				7B85B4342A3B48380064D814 /* Landmark.swift in Sources */,
			);
			runOnlyForDeploymentPostprocessing = 0;
		};
/* End PBXSourcesBuildPhase section */

/* Begin XCBuildConfiguration section */
		7BFAEB692A37598500256AB1 /* Debug */ = {
			isa = XCBuildConfiguration;
			buildSettings = {
				ALWAYS_SEARCH_USER_PATHS = NO;
				CLANG_ANALYZER_NONNULL = YES;
				CLANG_ANALYZER_NUMBER_OBJECT_CONVERSION = YES_AGGRESSIVE;
				CLANG_CXX_LANGUAGE_STANDARD = "gnu++20";
				CLANG_ENABLE_MODULES = YES;
				CLANG_ENABLE_OBJC_ARC = YES;
				CLANG_ENABLE_OBJC_WEAK = YES;
				CLANG_WARN_BLOCK_CAPTURE_AUTORELEASING = YES;
				CLANG_WARN_BOOL_CONVERSION = YES;
				CLANG_WARN_COMMA = YES;
				CLANG_WARN_CONSTANT_CONVERSION = YES;
				CLANG_WARN_DEPRECATED_OBJC_IMPLEMENTATIONS = YES;
				CLANG_WARN_DIRECT_OBJC_ISA_USAGE = YES_ERROR;
				CLANG_WARN_DOCUMENTATION_COMMENTS = YES;
				CLANG_WARN_EMPTY_BODY = YES;
				CLANG_WARN_ENUM_CONVERSION = YES;
				CLANG_WARN_INFINITE_RECURSION = YES;
				CLANG_WARN_INT_CONVERSION = YES;
				CLANG_WARN_NON_LITERAL_NULL_CONVERSION = YES;
				CLANG_WARN_OBJC_IMPLICIT_RETAIN_SELF = YES;
				CLANG_WARN_OBJC_LITERAL_CONVERSION = YES;
				CLANG_WARN_OBJC_ROOT_CLASS = YES_ERROR;
				CLANG_WARN_QUOTED_INCLUDE_IN_FRAMEWORK_HEADER = YES;
				CLANG_WARN_RANGE_LOOP_ANALYSIS = YES;
				CLANG_WARN_STRICT_PROTOTYPES = YES;
				CLANG_WARN_SUSPICIOUS_MOVE = YES;
				CLANG_WARN_UNGUARDED_AVAILABILITY = YES_AGGRESSIVE;
				CLANG_WARN_UNREACHABLE_CODE = YES;
				CLANG_WARN__DUPLICATE_METHOD_MATCH = YES;
				COPY_PHASE_STRIP = NO;
				DEBUG_INFORMATION_FORMAT = dwarf;
				ENABLE_STRICT_OBJC_MSGSEND = YES;
				ENABLE_TESTABILITY = YES;
				GCC_C_LANGUAGE_STANDARD = gnu11;
				GCC_DYNAMIC_NO_PIC = NO;
				GCC_NO_COMMON_BLOCKS = YES;
				GCC_OPTIMIZATION_LEVEL = 0;
				GCC_PREPROCESSOR_DEFINITIONS = (
					"DEBUG=1",
					"$(inherited)",
				);
				GCC_WARN_64_TO_32_BIT_CONVERSION = YES;
				GCC_WARN_ABOUT_RETURN_TYPE = YES_ERROR;
				GCC_WARN_UNDECLARED_SELECTOR = YES;
				GCC_WARN_UNINITIALIZED_AUTOS = YES_AGGRESSIVE;
				GCC_WARN_UNUSED_FUNCTION = YES;
				GCC_WARN_UNUSED_VARIABLE = YES;
				IPHONEOS_DEPLOYMENT_TARGET = 16.4;
				MTL_ENABLE_DEBUG_INFO = INCLUDE_SOURCE;
				MTL_FAST_MATH = YES;
				ONLY_ACTIVE_ARCH = YES;
				SDKROOT = iphoneos;
				SWIFT_ACTIVE_COMPILATION_CONDITIONS = DEBUG;
				SWIFT_OPTIMIZATION_LEVEL = "-Onone";
			};
			name = Debug;
		};
		7BFAEB6A2A37598500256AB1 /* Release */ = {
			isa = XCBuildConfiguration;
			buildSettings = {
				ALWAYS_SEARCH_USER_PATHS = NO;
				CLANG_ANALYZER_NONNULL = YES;
				CLANG_ANALYZER_NUMBER_OBJECT_CONVERSION = YES_AGGRESSIVE;
				CLANG_CXX_LANGUAGE_STANDARD = "gnu++20";
				CLANG_ENABLE_MODULES = YES;
				CLANG_ENABLE_OBJC_ARC = YES;
				CLANG_ENABLE_OBJC_WEAK = YES;
				CLANG_WARN_BLOCK_CAPTURE_AUTORELEASING = YES;
				CLANG_WARN_BOOL_CONVERSION = YES;
				CLANG_WARN_COMMA = YES;
				CLANG_WARN_CONSTANT_CONVERSION = YES;
				CLANG_WARN_DEPRECATED_OBJC_IMPLEMENTATIONS = YES;
				CLANG_WARN_DIRECT_OBJC_ISA_USAGE = YES_ERROR;
				CLANG_WARN_DOCUMENTATION_COMMENTS = YES;
				CLANG_WARN_EMPTY_BODY = YES;
				CLANG_WARN_ENUM_CONVERSION = YES;
				CLANG_WARN_INFINITE_RECURSION = YES;
				CLANG_WARN_INT_CONVERSION = YES;
				CLANG_WARN_NON_LITERAL_NULL_CONVERSION = YES;
				CLANG_WARN_OBJC_IMPLICIT_RETAIN_SELF = YES;
				CLANG_WARN_OBJC_LITERAL_CONVERSION = YES;
				CLANG_WARN_OBJC_ROOT_CLASS = YES_ERROR;
				CLANG_WARN_QUOTED_INCLUDE_IN_FRAMEWORK_HEADER = YES;
				CLANG_WARN_RANGE_LOOP_ANALYSIS = YES;
				CLANG_WARN_STRICT_PROTOTYPES = YES;
				CLANG_WARN_SUSPICIOUS_MOVE = YES;
				CLANG_WARN_UNGUARDED_AVAILABILITY = YES_AGGRESSIVE;
				CLANG_WARN_UNREACHABLE_CODE = YES;
				CLANG_WARN__DUPLICATE_METHOD_MATCH = YES;
				COPY_PHASE_STRIP = NO;
				DEBUG_INFORMATION_FORMAT = "dwarf-with-dsym";
				ENABLE_NS_ASSERTIONS = NO;
				ENABLE_STRICT_OBJC_MSGSEND = YES;
				GCC_C_LANGUAGE_STANDARD = gnu11;
				GCC_NO_COMMON_BLOCKS = YES;
				GCC_WARN_64_TO_32_BIT_CONVERSION = YES;
				GCC_WARN_ABOUT_RETURN_TYPE = YES_ERROR;
				GCC_WARN_UNDECLARED_SELECTOR = YES;
				GCC_WARN_UNINITIALIZED_AUTOS = YES_AGGRESSIVE;
				GCC_WARN_UNUSED_FUNCTION = YES;
				GCC_WARN_UNUSED_VARIABLE = YES;
				IPHONEOS_DEPLOYMENT_TARGET = 16.4;
				MTL_ENABLE_DEBUG_INFO = NO;
				MTL_FAST_MATH = YES;
				SDKROOT = iphoneos;
				SWIFT_COMPILATION_MODE = wholemodule;
				SWIFT_OPTIMIZATION_LEVEL = "-O";
				VALIDATE_PRODUCT = YES;
			};
			name = Release;
		};
		7BFAEB6C2A37598500256AB1 /* Debug */ = {
			isa = XCBuildConfiguration;
			buildSettings = {
				ASSETCATALOG_COMPILER_APPICON_NAME = AppIcon;
				ASSETCATALOG_COMPILER_GLOBAL_ACCENT_COLOR_NAME = AccentColor;
				CODE_SIGN_STYLE = Automatic;
				CURRENT_PROJECT_VERSION = 1;
				DEVELOPMENT_ASSET_PATHS = "\"Landmark/Preview Content\"";
				DEVELOPMENT_TEAM = 3JZRVMTX25;
				ENABLE_PREVIEWS = YES;
				GENERATE_INFOPLIST_FILE = YES;
				INFOPLIST_KEY_UIApplicationSceneManifest_Generation = YES;
				INFOPLIST_KEY_UIApplicationSupportsIndirectInputEvents = YES;
				INFOPLIST_KEY_UILaunchScreen_Generation = YES;
				INFOPLIST_KEY_UISupportedInterfaceOrientations_iPad = "UIInterfaceOrientationPortrait UIInterfaceOrientationPortraitUpsideDown UIInterfaceOrientationLandscapeLeft UIInterfaceOrientationLandscapeRight";
				INFOPLIST_KEY_UISupportedInterfaceOrientations_iPhone = "UIInterfaceOrientationPortrait UIInterfaceOrientationLandscapeLeft UIInterfaceOrientationLandscapeRight";
				IPHONEOS_DEPLOYMENT_TARGET = 16.0;
				LD_RUNPATH_SEARCH_PATHS = (
					"$(inherited)",
					"@executable_path/Frameworks",
				);
				MARKETING_VERSION = 1.0;
				PRODUCT_BUNDLE_IDENTIFIER = com.genki.Landmark;
				PRODUCT_NAME = "$(TARGET_NAME)";
				SWIFT_EMIT_LOC_STRINGS = YES;
				SWIFT_VERSION = 5.0;
				TARGETED_DEVICE_FAMILY = "1,2";
			};
			name = Debug;
		};
		7BFAEB6D2A37598500256AB1 /* Release */ = {
			isa = XCBuildConfiguration;
			buildSettings = {
				ASSETCATALOG_COMPILER_APPICON_NAME = AppIcon;
				ASSETCATALOG_COMPILER_GLOBAL_ACCENT_COLOR_NAME = AccentColor;
				CODE_SIGN_STYLE = Automatic;
				CURRENT_PROJECT_VERSION = 1;
				DEVELOPMENT_ASSET_PATHS = "\"Landmark/Preview Content\"";
				DEVELOPMENT_TEAM = 3JZRVMTX25;
				ENABLE_PREVIEWS = YES;
				GENERATE_INFOPLIST_FILE = YES;
				INFOPLIST_KEY_UIApplicationSceneManifest_Generation = YES;
				INFOPLIST_KEY_UIApplicationSupportsIndirectInputEvents = YES;
				INFOPLIST_KEY_UILaunchScreen_Generation = YES;
				INFOPLIST_KEY_UISupportedInterfaceOrientations_iPad = "UIInterfaceOrientationPortrait UIInterfaceOrientationPortraitUpsideDown UIInterfaceOrientationLandscapeLeft UIInterfaceOrientationLandscapeRight";
				INFOPLIST_KEY_UISupportedInterfaceOrientations_iPhone = "UIInterfaceOrientationPortrait UIInterfaceOrientationLandscapeLeft UIInterfaceOrientationLandscapeRight";
				IPHONEOS_DEPLOYMENT_TARGET = 16.0;
				LD_RUNPATH_SEARCH_PATHS = (
					"$(inherited)",
					"@executable_path/Frameworks",
				);
				MARKETING_VERSION = 1.0;
				PRODUCT_BUNDLE_IDENTIFIER = com.genki.Landmark;
				PRODUCT_NAME = "$(TARGET_NAME)";
				SWIFT_EMIT_LOC_STRINGS = YES;
				SWIFT_VERSION = 5.0;
				TARGETED_DEVICE_FAMILY = "1,2";
			};
			name = Release;
		};
/* End XCBuildConfiguration section */

/* Begin XCConfigurationList section */
		7BFAEB582A37598200256AB1 /* Build configuration list for PBXProject "Landmark" */ = {
			isa = XCConfigurationList;
			buildConfigurations = (
				7BFAEB692A37598500256AB1 /* Debug */,
				7BFAEB6A2A37598500256AB1 /* Release */,
			);
			defaultConfigurationIsVisible = 0;
			defaultConfigurationName = Release;
		};
		7BFAEB6B2A37598500256AB1 /* Build configuration list for PBXNativeTarget "Landmark" */ = {
			isa = XCConfigurationList;
			buildConfigurations = (
				7BFAEB6C2A37598500256AB1 /* Debug */,
				7BFAEB6D2A37598500256AB1 /* Release */,
			);
			defaultConfigurationIsVisible = 0;
			defaultConfigurationName = Release;
		};
/* End XCConfigurationList section */
	};
	rootObject = 7BFAEB552A37598200256AB1 /* Project object */;
}
